
Microsoft Visual Studio Solution File, Format Version 12.00
# Visual Studio Version 17
VisualStudioVersion = 17.0.32112.339
MinimumVisualStudioVersion = 10.0.40219.1
Project("{FAE04EC0-301F-11D3-BF4B-00C04F79EFBC}") = "dxT1094310v1.Module", "dxT1094310v1.Module\dxT1094310v1.Module.csproj", "{18DA7CD0-C8EA-44F4-8206-7421D3BAE4D5}"
EndProject
Project("{FAE04EC0-301F-11D3-BF4B-00C04F79EFBC}") = "dxT1094310v1.Module.Win", "dxT1094310v1.Module.Win\dxT1094310v1.Module.Win.csproj", "{04914FF9-8FD9-4D14-9DA1-A61B2A70F648}"
EndProject
Project("{FAE04EC0-301F-11D3-BF4B-00C04F79EFBC}") = "dxT1094310v1.Win", "dxT1094310v1.Win\dxT1094310v1.Win.csproj", "{B69B703D-62A0-427D-8252-4155B7E42FD4}"
EndProject
Global
	GlobalSection(SolutionConfigurationPlatforms) = preSolution
		Debug|Any CPU = Debug|Any CPU
		EasyTest|Any CPU = EasyTest|Any CPU
		Release|Any CPU = Release|Any CPU
	EndGlobalSection
	GlobalSection(ProjectConfigurationPlatforms) = postSolution
		{18DA7CD0-C8EA-44F4-8206-7421D3BAE4D5}.Debug|Any CPU.ActiveCfg = Debug|Any CPU
		{18DA7CD0-C8EA-44F4-8206-7421D3BAE4D5}.Debug|Any CPU.Build.0 = Debug|Any CPU
		{18DA7CD0-C8EA-44F4-8206-7421D3BAE4D5}.EasyTest|Any CPU.ActiveCfg = EasyTest|Any CPU
		{18DA7CD0-C8EA-44F4-8206-7421D3BAE4D5}.EasyTest|Any CPU.Build.0 = EasyTest|Any CPU
		{18DA7CD0-C8EA-44F4-8206-7421D3BAE4D5}.Release|Any CPU.ActiveCfg = Release|Any CPU
		{18DA7CD0-C8EA-44F4-8206-7421D3BAE4D5}.Release|Any CPU.Build.0 = Release|Any CPU
		{04914FF9-8FD9-4D14-9DA1-A61B2A70F648}.Debug|Any CPU.ActiveCfg = Debug|Any CPU
		{04914FF9-8FD9-4D14-9DA1-A61B2A70F648}.Debug|Any CPU.Build.0 = Debug|Any CPU
		{04914FF9-8FD9-4D14-9DA1-A61B2A70F648}.EasyTest|Any CPU.ActiveCfg = EasyTest|Any CPU
		{04914FF9-8FD9-4D14-9DA1-A61B2A70F648}.EasyTest|Any CPU.Build.0 = EasyTest|Any CPU
		{04914FF9-8FD9-4D14-9DA1-A61B2A70F648}.Release|Any CPU.ActiveCfg = Release|Any CPU
		{04914FF9-8FD9-4D14-9DA1-A61B2A70F648}.Release|Any CPU.Build.0 = Release|Any CPU
		{B69B703D-62A0-427D-8252-4155B7E42FD4}.Debug|Any CPU.ActiveCfg = Debug|Any CPU
		{B69B703D-62A0-427D-8252-4155B7E42FD4}.Debug|Any CPU.Build.0 = Debug|Any CPU
		{B69B703D-62A0-427D-8252-4155B7E42FD4}.EasyTest|Any CPU.ActiveCfg = EasyTest|Any CPU
		{B69B703D-62A0-427D-8252-4155B7E42FD4}.EasyTest|Any CPU.Build.0 = EasyTest|Any CPU
		{B69B703D-62A0-427D-8252-4155B7E42FD4}.Release|Any CPU.ActiveCfg = Release|Any CPU
		{B69B703D-62A0-427D-8252-4155B7E42FD4}.Release|Any CPU.Build.0 = Release|Any CPU
	EndGlobalSection
	GlobalSection(SolutionProperties) = preSolution
		HideSolutionNode = FALSE
	EndGlobalSection
	GlobalSection(ExtensibilityGlobals) = postSolution
		SolutionGuid = {799CAB12-016B-4179-8442-3161D808F29D}
	EndGlobalSection
EndGlobal
